// !$*UTF8*$!
{
	archiveVersion = 1;
	classes = {
	};
	objectVersion = 50;
	objects = {

/* Begin PBXBuildFile section */
		05468D1D2254A5F700C9D23B /* AppDelegate.m in Sources */ = {isa = PBXBuildFile; fileRef = 05468D1C2254A5F700C9D23B /* AppDelegate.m */; };
		05468D1F2254A60A00C9D23B /* Assets.xcassets in Resources */ = {isa = PBXBuildFile; fileRef = 05468D1E2254A60A00C9D23B /* Assets.xcassets */; };
		05468D222254A60A00C9D23B /* MainMenu.xib in Resources */ = {isa = PBXBuildFile; fileRef = 05468D202254A60A00C9D23B /* MainMenu.xib */; };
		05468D252254A60A00C9D23B /* main.m in Sources */ = {isa = PBXBuildFile; fileRef = 05468D242254A60A00C9D23B /* main.m */; };
		05468D2E2254A6C700C9D23B /* DemoViewController.m in Sources */ = {isa = PBXBuildFile; fileRef = 05468D2D2254A6C700C9D23B /* DemoViewController.m */; };
		05468D3E2254B31800C9D23B /* 1.png in Resources */ = {isa = PBXBuildFile; fileRef = 05468D3D2254B31800C9D23B /* 1.png */; };
		05821281225702C4006F05FF /* DemoView.m in Sources */ = {isa = PBXBuildFile; fileRef = 05821280225702C4006F05FF /* DemoView.m */; };
/* End PBXBuildFile section */

/* Begin PBXFileReference section */
		05468D182254A5F700C9D23B /* LayerDemo.app */ = {isa = PBXFileReference; explicitFileType = wrapper.application; includeInIndex = 0; path = LayerDemo.app; sourceTree = BUILT_PRODUCTS_DIR; };
		05468D1B2254A5F700C9D23B /* AppDelegate.h */ = {isa = PBXFileReference; lastKnownFileType = sourcecode.c.h; path = AppDelegate.h; sourceTree = "<group>"; };
		05468D1C2254A5F700C9D23B /* AppDelegate.m */ = {isa = PBXFileReference; lastKnownFileType = sourcecode.c.objc; path = AppDelegate.m; sourceTree = "<group>"; };
		05468D1E2254A60A00C9D23B /* Assets.xcassets */ = {isa = PBXFileReference; lastKnownFileType = folder.assetcatalog; path = Assets.xcassets; sourceTree = "<group>"; };
		05468D212254A60A00C9D23B /* Base */ = {isa = PBXFileReference; lastKnownFileType = file.xib; name = Base; path = Base.lproj/MainMenu.xib; sourceTree = "<group>"; };
		05468D232254A60A00C9D23B /* Info.plist */ = {isa = PBXFileReference; lastKnownFileType = text.plist.xml; path = Info.plist; sourceTree = "<group>"; };
		05468D242254A60A00C9D23B /* main.m */ = {isa = PBXFileReference; lastKnownFileType = sourcecode.c.objc; path = main.m; sourceTree = "<group>"; };
		05468D262254A60A00C9D23B /* LayerDemo.entitlements */ = {isa = PBXFileReference; lastKnownFileType = text.plist.entitlements; path = LayerDemo.entitlements; sourceTree = "<group>"; };
		05468D2C2254A6C700C9D23B /* DemoViewController.h */ = {isa = PBXFileReference; lastKnownFileType = sourcecode.c.h; path = DemoViewController.h; sourceTree = "<group>"; };
		05468D2D2254A6C700C9D23B /* DemoViewController.m */ = {isa = PBXFileReference; lastKnownFileType = sourcecode.c.objc; path = DemoViewController.m; sourceTree = "<group>"; };
		05468D3D2254B31800C9D23B /* 1.png */ = {isa = PBXFileReference; lastKnownFileType = image.png; name = 1.png; path = ../../../../Documents/screenShotTemp/1.png; sourceTree = "<group>"; };
		0582127F225702C4006F05FF /* DemoView.h */ = {isa = PBXFileReference; lastKnownFileType = sourcecode.c.h; path = DemoView.h; sourceTree = "<group>"; };
		05821280225702C4006F05FF /* DemoView.m */ = {isa = PBXFileReference; lastKnownFileType = sourcecode.c.objc; path = DemoView.m; sourceTree = "<group>"; };
/* End PBXFileReference section */

/* Begin PBXFrameworksBuildPhase section */
		05468D152254A5F700C9D23B /* Frameworks */ = {
			isa = PBXFrameworksBuildPhase;
			buildActionMask = 2147483647;
			files = (
			);
			runOnlyForDeploymentPostprocessing = 0;
		};
/* End PBXFrameworksBuildPhase section */

/* Begin PBXGroup section */
		05468D0F2254A5F700C9D23B = {
			isa = PBXGroup;
			children = (
				05468D1A2254A5F700C9D23B /* LayerDemo */,
				05468D192254A5F700C9D23B /* Products */,
			);
			sourceTree = "<group>";
		};
		05468D192254A5F700C9D23B /* Products */ = {
			isa = PBXGroup;
			children = (
				05468D182254A5F700C9D23B /* LayerDemo.app */,
			);
			name = Products;
			sourceTree = "<group>";
		};
		05468D1A2254A5F700C9D23B /* LayerDemo */ = {
			isa = PBXGroup;
			children = (
				05468D3D2254B31800C9D23B /* 1.png */,
				05468D1B2254A5F700C9D23B /* AppDelegate.h */,
				05468D1C2254A5F700C9D23B /* AppDelegate.m */,
				05468D1E2254A60A00C9D23B /* Assets.xcassets */,
				05468D202254A60A00C9D23B /* MainMenu.xib */,
				05468D232254A60A00C9D23B /* Info.plist */,
				05468D242254A60A00C9D23B /* main.m */,
				05468D262254A60A00C9D23B /* LayerDemo.entitlements */,
				05468D2C2254A6C700C9D23B /* DemoViewController.h */,
				05468D2D2254A6C700C9D23B /* DemoViewController.m */,
				0582127F225702C4006F05FF /* DemoView.h */,
				05821280225702C4006F05FF /* DemoView.m */,
			);
			path = LayerDemo;
			sourceTree = "<group>";
		};
/* End PBXGroup section */

/* Begin PBXNativeTarget section */
		05468D172254A5F700C9D23B /* LayerDemo */ = {
			isa = PBXNativeTarget;
			buildConfigurationList = 05468D292254A60A00C9D23B /* Build configuration list for PBXNativeTarget "LayerDemo" */;
			buildPhases = (
				05468D142254A5F700C9D23B /* Sources */,
				05468D152254A5F700C9D23B /* Frameworks */,
				05468D162254A5F700C9D23B /* Resources */,
			);
			buildRules = (
			);
			dependencies = (
			);
			name = LayerDemo;
			productName = LayerDemo;
			productReference = 05468D182254A5F700C9D23B /* LayerDemo.app */;
			productType = "com.apple.product-type.application";
		};
/* End PBXNativeTarget section */

/* Begin PBXProject section */
		05468D102254A5F700C9D23B /* Project object */ = {
			isa = PBXProject;
			attributes = {
				LastUpgradeCheck = 1000;
				ORGANIZATIONNAME = kingdee;
				TargetAttributes = {
					05468D172254A5F700C9D23B = {
						CreatedOnToolsVersion = 10.0;
					};
				};
			};
			buildConfigurationList = 05468D132254A5F700C9D23B /* Build configuration list for PBXProject "LayerDemo" */;
			compatibilityVersion = "Xcode 9.3";
			developmentRegion = en;
			hasScannedForEncodings = 0;
			knownRegions = (
				en,
				Base,
			);
			mainGroup = 05468D0F2254A5F700C9D23B;
			productRefGroup = 05468D192254A5F700C9D23B /* Products */;
			projectDirPath = "";
			projectRoot = "";
			targets = (
				05468D172254A5F700C9D23B /* LayerDemo */,
			);
		};
/* End PBXProject section */

/* Begin PBXResourcesBuildPhase section */
		05468D162254A5F700C9D23B /* Resources */ = {
			isa = PBXResourcesBuildPhase;
			buildActionMask = 2147483647;
			files = (
				05468D1F2254A60A00C9D23B /* Assets.xcassets in Resources */,
				05468D3E2254B31800C9D23B /* 1.png in Resources */,
				05468D222254A60A00C9D23B /* MainMenu.xib in Resources */,
			);
			runOnlyForDeploymentPostprocessing = 0;
		};
/* End PBXResourcesBuildPhase section */

/* Begin PBXSourcesBuildPhase section */
		05468D142254A5F700C9D23B /* Sources */ = {
			isa = PBXSourcesBuildPhase;
			buildActionMask = 2147483647;
			files = (
				05468D2E2254A6C700C9D23B /* DemoViewController.m in Sources */,
				05821281225702C4006F05FF /* DemoView.m in Sources */,
				05468D252254A60A00C9D23B /* main.m in Sources */,
				05468D1D2254A5F700C9D23B /* AppDelegate.m in Sources */,
			);
			runOnlyForDeploymentPostprocessing = 0;
		};
/* End PBXSourcesBuildPhase section */

/* Begin PBXVariantGroup section */
		05468D202254A60A00C9D23B /* MainMenu.xib */ = {
			isa = PBXVariantGroup;
			children = (
				05468D212254A60A00C9D23B /* Base */,
			);
			name = MainMenu.xib;
			sourceTree = "<group>";
		};
/* End PBXVariantGroup section */

/* Begin XCBuildConfiguration section */
		05468D272254A60A00C9D23B /* Debug */ = {
			isa = XCBuildConfiguration;
			buildSettings = {
				ALWAYS_SEARCH_USER_PATHS = NO;
				CLANG_ANALYZER_NONNULL = YES;
				CLANG_ANALYZER_NUMBER_OBJECT_CONVERSION = YES_AGGRESSIVE;
				CLANG_CXX_LANGUAGE_STANDARD = "gnu++14";
				CLANG_CXX_LIBRARY = "libc++";
				CLANG_ENABLE_MODULES = YES;
				CLANG_ENABLE_OBJC_ARC = YES;
				CLANG_ENABLE_OBJC_WEAK = YES;
				CLANG_WARN_BLOCK_CAPTURE_AUTORELEASING = YES;
				CLANG_WARN_BOOL_CONVERSION = YES;
				CLANG_WARN_COMMA = YES;
				CLANG_WARN_CONSTANT_CONVERSION = YES;
				CLANG_WARN_DEPRECATED_OBJC_IMPLEMENTATIONS = YES;
				CLANG_WARN_DIRECT_OBJC_ISA_USAGE = YES_ERROR;
				CLANG_WARN_DOCUMENTATION_COMMENTS = YES;
				CLANG_WARN_EMPTY_BODY = YES;
				CLANG_WARN_ENUM_CONVERSION = YES;
				CLANG_WARN_INFINITE_RECURSION = YES;
				CLANG_WARN_INT_CONVERSION = YES;
				CLANG_WARN_NON_LITERAL_NULL_CONVERSION = YES;
				CLANG_WARN_OBJC_IMPLICIT_RETAIN_SELF = YES;
				CLANG_WARN_OBJC_LITERAL_CONVERSION = YES;
				CLANG_WARN_OBJC_ROOT_CLASS = YES_ERROR;
				CLANG_WARN_RANGE_LOOP_ANALYSIS = YES;
				CLANG_WARN_STRICT_PROTOTYPES = YES;
				CLANG_WARN_SUSPICIOUS_MOVE = YES;
				CLANG_WARN_UNGUARDED_AVAILABILITY = YES_AGGRESSIVE;
				CLANG_WARN_UNREACHABLE_CODE = YES;
				CLANG_WARN__DUPLICATE_METHOD_MATCH = YES;
				CODE_SIGN_IDENTITY = "-";
				COPY_PHASE_STRIP = NO;
				DEBUG_INFORMATION_FORMAT = dwarf;
				ENABLE_STRICT_OBJC_MSGSEND = YES;
				ENABLE_TESTABILITY = YES;
				GCC_C_LANGUAGE_STANDARD = gnu11;
				GCC_DYNAMIC_NO_PIC = NO;
				GCC_NO_COMMON_BLOCKS = YES;
				GCC_OPTIMIZATION_LEVEL = 0;
				GCC_PREPROCESSOR_DEFINITIONS = (
					"DEBUG=1",
					"$(inherited)",
				);
				GCC_WARN_64_TO_32_BIT_CONVERSION = YES;
				GCC_WARN_ABOUT_RETURN_TYPE = YES_ERROR;
				GCC_WARN_UNDECLARED_SELECTOR = YES;
				GCC_WARN_UNINITIALIZED_AUTOS = YES_AGGRESSIVE;
				GCC_WARN_UNUSED_FUNCTION = YES;
				GCC_WARN_UNUSED_VARIABLE = YES;
				MACOSX_DEPLOYMENT_TARGET = 10.14;
				MTL_ENABLE_DEBUG_INFO = INCLUDE_SOURCE;
				MTL_FAST_MATH = YES;
				ONLY_ACTIVE_ARCH = YES;
				SDKROOT = macosx;
			};
			name = Debug;
		};
		05468D282254A60A00C9D23B /* Release */ = {
			isa = XCBuildConfiguration;
			buildSettings = {
				ALWAYS_SEARCH_USER_PATHS = NO;
				CLANG_ANALYZER_NONNULL = YES;
				CLANG_ANALYZER_NUMBER_OBJECT_CONVERSION = YES_AGGRESSIVE;
				CLANG_CXX_LANGUAGE_STANDARD = "gnu++14";
				CLANG_CXX_LIBRARY = "libc++";
				CLANG_ENABLE_MODULES = YES;
				CLANG_ENABLE_OBJC_ARC = YES;
				CLANG_ENABLE_OBJC_WEAK = YES;
				CLANG_WARN_BLOCK_CAPTURE_AUTORELEASING = YES;
				CLANG_WARN_BOOL_CONVERSION = YES;
				CLANG_WARN_COMMA = YES;
				CLANG_WARN_CONSTANT_CONVERSION = YES;
				CLANG_WARN_DEPRECATED_OBJC_IMPLEMENTATIONS = YES;
				CLANG_WARN_DIRECT_OBJC_ISA_USAGE = YES_ERROR;
				CLANG_WARN_DOCUMENTATION_COMMENTS = YES;
				CLANG_WARN_EMPTY_BODY = YES;
				CLANG_WARN_ENUM_CONVERSION = YES;
				CLANG_WARN_INFINITE_RECURSION = YES;
				CLANG_WARN_INT_CONVERSION = YES;
				CLANG_WARN_NON_LITERAL_NULL_CONVERSION = YES;
				CLANG_WARN_OBJC_IMPLICIT_RETAIN_SELF = YES;
				CLANG_WARN_OBJC_LITERAL_CONVERSION = YES;
				CLANG_WARN_OBJC_ROOT_CLASS = YES_ERROR;
				CLANG_WARN_RANGE_LOOP_ANALYSIS = YES;
				CLANG_WARN_STRICT_PROTOTYPES = YES;
				CLANG_WARN_SUSPICIOUS_MOVE = YES;
				CLANG_WARN_UNGUARDED_AVAILABILITY = YES_AGGRESSIVE;
				CLANG_WARN_UNREACHABLE_CODE = YES;
				CLANG_WARN__DUPLICATE_METHOD_MATCH = YES;
				CODE_SIGN_IDENTITY = "-";
				COPY_PHASE_STRIP = NO;
				DEBUG_INFORMATION_FORMAT = "dwarf-with-dsym";
				ENABLE_NS_ASSERTIONS = NO;
				ENABLE_STRICT_OBJC_MSGSEND = YES;
				GCC_C_LANGUAGE_STANDARD = gnu11;
				GCC_NO_COMMON_BLOCKS = YES;
				GCC_WARN_64_TO_32_BIT_CONVERSION = YES;
				GCC_WARN_ABOUT_RETURN_TYPE = YES_ERROR;
				GCC_WARN_UNDECLARED_SELECTOR = YES;
				GCC_WARN_UNINITIALIZED_AUTOS = YES_AGGRESSIVE;
				GCC_WARN_UNUSED_FUNCTION = YES;
				GCC_WARN_UNUSED_VARIABLE = YES;
				MACOSX_DEPLOYMENT_TARGET = 10.14;
				MTL_ENABLE_DEBUG_INFO = NO;
				MTL_FAST_MATH = YES;
				SDKROOT = macosx;
			};
			name = Release;
		};
		05468D2A2254A60A00C9D23B /* Debug */ = {
			isa = XCBuildConfiguration;
			buildSettings = {
				ASSETCATALOG_COMPILER_APPICON_NAME = AppIcon;
				CODE_SIGN_ENTITLEMENTS = LayerDemo/LayerDemo.entitlements;
				CODE_SIGN_STYLE = Automatic;
				COMBINE_HIDPI_IMAGES = YES;
				INFOPLIST_FILE = LayerDemo/Info.plist;
				LD_RUNPATH_SEARCH_PATHS = (
					"$(inherited)",
					"@executable_path/../Frameworks",
				);
				PRODUCT_BUNDLE_IDENTIFIER = www.yunzhijia.com.LayerDemo;
				PRODUCT_NAME = "$(TARGET_NAME)";
			};
			name = Debug;
		};
		05468D2B2254A60A00C9D23B /* Release */ = {
			isa = XCBuildConfiguration;
			buildSettings = {
				ASSETCATALOG_COMPILER_APPICON_NAME = AppIcon;
				CODE_SIGN_ENTITLEMENTS = LayerDemo/LayerDemo.entitlements;
				CODE_SIGN_STYLE = Automatic;
				COMBINE_HIDPI_IMAGES = YES;
				INFOPLIST_FILE = LayerDemo/Info.plist;
				LD_RUNPATH_SEARCH_PATHS = (
					"$(inherited)",
					"@executable_path/../Frameworks",
				);
				PRODUCT_BUNDLE_IDENTIFIER = www.yunzhijia.com.LayerDemo;
				PRODUCT_NAME = "$(TARGET_NAME)";
			};
			name = Release;
		};
/* End XCBuildConfiguration section */

/* Begin XCConfigurationList section */
		05468D132254A5F700C9D23B /* Build configuration list for PBXProject "LayerDemo" */ = {
			isa = XCConfigurationList;
			buildConfigurations = (
				05468D272254A60A00C9D23B /* Debug */,
				05468D282254A60A00C9D23B /* Release */,
			);
			defaultConfigurationIsVisible = 0;
			defaultConfigurationName = Release;
		};
		05468D292254A60A00C9D23B /* Build configuration list for PBXNativeTarget "LayerDemo" */ = {
			isa = XCConfigurationList;
			buildConfigurations = (
				05468D2A2254A60A00C9D23B /* Debug */,
				05468D2B2254A60A00C9D23B /* Release */,
			);
			defaultConfigurationIsVisible = 0;
			defaultConfigurationName = Release;
		};
/* End XCConfigurationList section */
	};
	rootObject = 05468D102254A5F700C9D23B /* Project object */;
}
